
Microsoft Visual Studio Solution File, Format Version 12.00
# Visual Studio 2013
VisualStudioVersion = 12.0.31101.0
MinimumVisualStudioVersion = 10.0.40219.1
Project("{E24C65DC-7377-472B-9ABA-BC803B73C61A}") = "FSZLK.Mapp", "http://localhost:50171", "{E16FE244-7EE0-4FC3-9279-0380A49150E7}"
	ProjectSection(WebsiteProperties) = preProject
		UseIISExpress = "true"
		TargetFrameworkMoniker = ".NETFramework,Version%3Dv4.5"
		Debug.AspNetCompiler.VirtualPath = "/localhost_50171"
		Debug.AspNetCompiler.PhysicalPath = "FSZLK.Mapp\"
		Debug.AspNetCompiler.TargetPath = "PrecompiledWeb\localhost_50171\"
		Debug.AspNetCompiler.Updateable = "true"
		Debug.AspNetCompiler.ForceOverwrite = "true"
		Debug.AspNetCompiler.FixedNames = "false"
		Debug.AspNetCompiler.Debug = "True"
		Release.AspNetCompiler.VirtualPath = "/localhost_50171"
		Release.AspNetCompiler.PhysicalPath = "FSZLK.Mapp\"
		Release.AspNetCompiler.TargetPath = "PrecompiledWeb\localhost_50171\"
		Release.AspNetCompiler.Updateable = "true"
		Release.AspNetCompiler.ForceOverwrite = "true"
		Release.AspNetCompiler.FixedNames = "false"
		Release.AspNetCompiler.Debug = "False"
		SlnRelativePath = "FSZLK.Mapp\"
	EndProjectSection
EndProject
Project("{2150E333-8FDC-42A3-9474-1A3956D46DE8}") = "Dokumanlar", "Dokumanlar", "{089100F6-601D-4F2D-BC6B-2E8E65733DCB}"
	ProjectSection(SolutionItems) = preProject
		E:\Drp\Dropbox\FSZLK\SozlukData.csv = E:\Drp\Dropbox\FSZLK\SozlukData.csv
		E:\Drp\Dropbox\FSZLK\SozlukData.xlsx = E:\Drp\Dropbox\FSZLK\SozlukData.xlsx
		E:\Drp\Dropbox\FSZLK\SÃ–ZLÃœK App..xls = E:\Drp\Dropbox\FSZLK\SÃ–ZLÃœK App..xls
		E:\Drp\Dropbox\FSZLK\SÖZLÜK App..xls = E:\Drp\Dropbox\FSZLK\SÖZLÜK App..xls
	EndProjectSection
EndProject
Project("{2150E333-8FDC-42A3-9474-1A3956D46DE8}") = "psd", "psd", "{CF0EEC29-2171-4066-B16C-B3416B0E9E26}"
	ProjectSection(SolutionItems) = preProject
		E:\Drp\Dropbox\FSZLK\psd\1024_768.psd = E:\Drp\Dropbox\FSZLK\psd\1024_768.psd
		E:\Drp\Dropbox\FSZLK\psd\320_480.psd = E:\Drp\Dropbox\FSZLK\psd\320_480.psd
		E:\Drp\Dropbox\FSZLK\psd\640_960.psd = E:\Drp\Dropbox\FSZLK\psd\640_960.psd
		E:\Drp\Dropbox\FSZLK\psd\768_1024.psd = E:\Drp\Dropbox\FSZLK\psd\768_1024.psd
	EndProjectSection
EndProject
Global
	GlobalSection(SolutionConfigurationPlatforms) = preSolution
		Debug|Any CPU = Debug|Any CPU
	EndGlobalSection
	GlobalSection(ProjectConfigurationPlatforms) = postSolution
		{E16FE244-7EE0-4FC3-9279-0380A49150E7}.Debug|Any CPU.ActiveCfg = Debug|Any CPU
		{E16FE244-7EE0-4FC3-9279-0380A49150E7}.Debug|Any CPU.Build.0 = Debug|Any CPU
	EndGlobalSection
	GlobalSection(SolutionProperties) = preSolution
		HideSolutionNode = FALSE
	EndGlobalSection
	GlobalSection(NestedProjects) = preSolution
		{CF0EEC29-2171-4066-B16C-B3416B0E9E26} = {089100F6-601D-4F2D-BC6B-2E8E65733DCB}
	EndGlobalSection
EndGlobal
